
Microsoft Visual Studio Solution File, Format Version 12.00
# Visual Studio 15
VisualStudioVersion = 15.0.27428.2005
MinimumVisualStudioVersion = 10.0.40219.1
Project("{FAE04EC0-301F-11D3-BF4B-00C04F79EFBC}") = "KerbalGPS", "KerbalGPS\KerbalGPS.csproj", "{72846CC6-3F86-4F9F-9647-6F4838CC1C45}"
EndProject
Project("{2150E333-8FDC-42A3-9474-1A3956D46DE8}") = "Solution Items", "Solution Items", "{6D34876D-B8C6-4B4A-AF1F-73A1E0F34F0D}"
	ProjectSection(SolutionItems) = preProject
		buildRelease.bat = buildRelease.bat
		ChangeLog.txt = ChangeLog.txt
		deploy.bat = deploy.bat
		jenkins.txt = jenkins.txt
		KerbalGPS.version = KerbalGPS.version
		LICENSE = LICENSE
		README.md = README.md
		ToDo.txt = ToDo.txt
	EndProjectSection
EndProject
Global
	GlobalSection(SolutionConfigurationPlatforms) = preSolution
		Debug|Any CPU = Debug|Any CPU
		Release|Any CPU = Release|Any CPU
	EndGlobalSection
	GlobalSection(ProjectConfigurationPlatforms) = postSolution
		{72846CC6-3F86-4F9F-9647-6F4838CC1C45}.Debug|Any CPU.ActiveCfg = Debug|Any CPU
		{72846CC6-3F86-4F9F-9647-6F4838CC1C45}.Debug|Any CPU.Build.0 = Debug|Any CPU
		{72846CC6-3F86-4F9F-9647-6F4838CC1C45}.Release|Any CPU.ActiveCfg = Release|Any CPU
		{72846CC6-3F86-4F9F-9647-6F4838CC1C45}.Release|Any CPU.Build.0 = Release|Any CPU
	EndGlobalSection
	GlobalSection(SolutionProperties) = preSolution
		HideSolutionNode = FALSE
	EndGlobalSection
	GlobalSection(ExtensibilityGlobals) = postSolution
		SolutionGuid = {48CBB883-F78B-4940-82C0-94E51077A9ED}
	EndGlobalSection
EndGlobal
